
Microsoft Visual Studio Solution File, Format Version 12.00
# Visual Studio Version 17
VisualStudioVersion = 17.0.32112.339
MinimumVisualStudioVersion = 10.0.40219.1
Project("{2150E333-8FDC-42A3-9474-1A3956D46DE8}") = "src", "src", "{4F69AABE-7AAA-410B-99E9-AFA1DB910BAE}"
EndProject
Project("{2150E333-8FDC-42A3-9474-1A3956D46DE8}") = "tests", "tests", "{BCB3EFF5-6F8A-4DA9-A82D-94FED127E15C}"
EndProject
Project("{2150E333-8FDC-42A3-9474-1A3956D46DE8}") = "EmployeeMicro", "EmployeeMicro", "{87F4D70F-E16F-4E60-AFEE-114B9A77085F}"
EndProject
Project("{9A19103F-16F7-4668-BE54-9A1E7A4F7556}") = "EmployeeAPI", "src\EmployeeMicro\EmployeeAPI\EmployeeAPI.csproj", "{7E342046-9828-4462-9C52-3944A6B111ED}"
EndProject
Project("{9A19103F-16F7-4668-BE54-9A1E7A4F7556}") = "EmployeeAPI.Core", "src\EmployeeMicro\EmployeeAPI.Core\EmployeeAPI.Core.csproj", "{FD90F343-4548-4B85-A0AD-0565148F52EC}"
EndProject
Project("{9A19103F-16F7-4668-BE54-9A1E7A4F7556}") = "EmployeeApi.SharedKernel", "src\EmployeeMicro\EmployeeApi.SharedKernel\EmployeeApi.SharedKernel.csproj", "{62728D19-3BE8-451F-A778-CF805E6878EE}"
EndProject
Project("{9A19103F-16F7-4668-BE54-9A1E7A4F7556}") = "EmployeeAPI.Infrastructure", "src\EmployeeMicro\EmployeeAPI.Infrastructure\EmployeeAPI.Infrastructure.csproj", "{FB201F1A-14AD-4FBF-91E8-B0720BC8ADE4}"
EndProject
Project("{2150E333-8FDC-42A3-9474-1A3956D46DE8}") = "CatalogMicro", "CatalogMicro", "{93AD09C3-1E35-4299-A246-99A640671255}"
EndProject
Project("{9A19103F-16F7-4668-BE54-9A1E7A4F7556}") = "CatalogAPI", "src\CatalogMicro\CatalogAPI\CatalogAPI.csproj", "{C2C2FD39-12DA-44F4-9DCD-A8E5F9E71D7C}"
EndProject
Project("{9A19103F-16F7-4668-BE54-9A1E7A4F7556}") = "CatalogAPI.Core", "src\CatalogMicro\CatalogAPI.Core\CatalogAPI.Core.csproj", "{2FD23384-96DE-4F70-80CC-31966A05305B}"
EndProject
Project("{9A19103F-16F7-4668-BE54-9A1E7A4F7556}") = "CatalogAPI.Infrastructure", "src\CatalogMicro\CatalogAPI.Infrastructure\CatalogAPI.Infrastructure.csproj", "{96FFA156-53AC-46BE-8A91-B068172F6193}"
EndProject
Project("{9A19103F-16F7-4668-BE54-9A1E7A4F7556}") = "CatalogAPI.SharedKernel", "src\CatalogMicro\CatalogAPI.SharedKernel\CatalogAPI.SharedKernel.csproj", "{D5598FFB-8B67-437F-86BF-A6EF5CEDEE25}"
EndProject
Project("{2150E333-8FDC-42A3-9474-1A3956D46DE8}") = "OrderMicro", "OrderMicro", "{8FF474B7-E477-49B0-AA69-755363DA7139}"
EndProject
Project("{9A19103F-16F7-4668-BE54-9A1E7A4F7556}") = "OrderAPI", "src\OrderMicro\OrderAPI\OrderAPI.csproj", "{539CB744-2BE7-4B7D-A103-6CEE89660405}"
EndProject
Project("{9A19103F-16F7-4668-BE54-9A1E7A4F7556}") = "OrderAPI.Core", "src\OrderMicro\OrderAPI.Core\OrderAPI.Core.csproj", "{5D88203F-284D-4028-859F-EE66282435D4}"
EndProject
Project("{9A19103F-16F7-4668-BE54-9A1E7A4F7556}") = "OrderAPI.Infrastructure", "src\OrderMicro\OrderAPI.Infrastructure\OrderAPI.Infrastructure.csproj", "{D670472F-D651-4B58-9A81-D37782BEAEC8}"
EndProject
Project("{9A19103F-16F7-4668-BE54-9A1E7A4F7556}") = "OrderAPI.SharedKernel", "src\OrderMicro\OrderAPI.SharedKernel\OrderAPI.SharedKernel.csproj", "{AD53CA1E-47DC-450A-A47D-ECC4ADB2EB91}"
EndProject
Project("{2150E333-8FDC-42A3-9474-1A3956D46DE8}") = "BasketMicro", "BasketMicro", "{15533802-9555-41BE-8B91-7F9ED5D058EC}"
EndProject
Project("{9A19103F-16F7-4668-BE54-9A1E7A4F7556}") = "BasketAPI", "src\BasketMicro\BasketAPI\BasketAPI.csproj", "{2FF2827A-9BED-43FA-A1B7-265F0CB78125}"
EndProject
Project("{2150E333-8FDC-42A3-9474-1A3956D46DE8}") = "CustomerMicro", "CustomerMicro", "{A84F4B24-A34F-4372-9F67-7A60D8E9B8F6}"
EndProject
Project("{FAE04EC0-301F-11D3-BF4B-00C04F79EFBC}") = "CustomerAPI", "src\CustomerMicro\CustomerAPI\CustomerAPI.csproj", "{0DEADBAE-34A6-4D71-A72C-2C4BE797A206}"
EndProject
Project("{FAE04EC0-301F-11D3-BF4B-00C04F79EFBC}") = "CustomerAPI.Core", "src\CustomerMicro\CustomerAPI.Core\CustomerAPI.Core.csproj", "{CC46301A-1AEE-493A-8769-3C362B1B1251}"
EndProject
Project("{FAE04EC0-301F-11D3-BF4B-00C04F79EFBC}") = "CustomerAPI.Infrastructure", "src\CustomerMicro\CustomerAPI.Infrastructure\CustomerAPI.Infrastructure.csproj", "{F9CE36D6-D812-4FB5-AE2C-E05818C6D9D8}"
EndProject
Project("{FAE04EC0-301F-11D3-BF4B-00C04F79EFBC}") = "CustomerAPI.SharedKernel", "src\CustomerMicro\CustomerAPI.SharedKernel\CustomerAPI.SharedKernel.csproj", "{12B14F75-B423-4101-BD31-9356D2B96F13}"
EndProject
Project("{2150E333-8FDC-42A3-9474-1A3956D46DE8}") = "ApiGateway", "ApiGateway", "{6B9DE3FA-35D6-4CA3-A277-F8BACE0CD3B9}"
EndProject
Project("{FAE04EC0-301F-11D3-BF4B-00C04F79EFBC}") = "ApiGateway", "src\ApiGateway\ApiGateway\ApiGateway.csproj", "{9617909D-FCDC-4AAD-A343-3BAC28743E5C}"
EndProject
Project("{2150E333-8FDC-42A3-9474-1A3956D46DE8}") = "BuildingBlocks", "BuildingBlocks", "{FDF7C468-98D7-4D7D-B230-52852DE653BB}"
EndProject
Project("{FAE04EC0-301F-11D3-BF4B-00C04F79EFBC}") = "EventBus.Messages", "src\BuildingBlocks\EventBus.Messages\EventBus.Messages.csproj", "{5556ABAE-68C2-4FC5-8C34-DFD02F661F2C}"
EndProject
Global
	GlobalSection(SolutionConfigurationPlatforms) = preSolution
		Debug|Any CPU = Debug|Any CPU
		Release|Any CPU = Release|Any CPU
	EndGlobalSection
	GlobalSection(ProjectConfigurationPlatforms) = postSolution
		{7E342046-9828-4462-9C52-3944A6B111ED}.Debug|Any CPU.ActiveCfg = Debug|Any CPU
		{7E342046-9828-4462-9C52-3944A6B111ED}.Debug|Any CPU.Build.0 = Debug|Any CPU
		{7E342046-9828-4462-9C52-3944A6B111ED}.Release|Any CPU.ActiveCfg = Release|Any CPU
		{7E342046-9828-4462-9C52-3944A6B111ED}.Release|Any CPU.Build.0 = Release|Any CPU
		{FD90F343-4548-4B85-A0AD-0565148F52EC}.Debug|Any CPU.ActiveCfg = Debug|Any CPU
		{FD90F343-4548-4B85-A0AD-0565148F52EC}.Debug|Any CPU.Build.0 = Debug|Any CPU
		{FD90F343-4548-4B85-A0AD-0565148F52EC}.Release|Any CPU.ActiveCfg = Release|Any CPU
		{FD90F343-4548-4B85-A0AD-0565148F52EC}.Release|Any CPU.Build.0 = Release|Any CPU
		{62728D19-3BE8-451F-A778-CF805E6878EE}.Debug|Any CPU.ActiveCfg = Debug|Any CPU
		{62728D19-3BE8-451F-A778-CF805E6878EE}.Debug|Any CPU.Build.0 = Debug|Any CPU
		{62728D19-3BE8-451F-A778-CF805E6878EE}.Release|Any CPU.ActiveCfg = Release|Any CPU
		{62728D19-3BE8-451F-A778-CF805E6878EE}.Release|Any CPU.Build.0 = Release|Any CPU
		{FB201F1A-14AD-4FBF-91E8-B0720BC8ADE4}.Debug|Any CPU.ActiveCfg = Debug|Any CPU
		{FB201F1A-14AD-4FBF-91E8-B0720BC8ADE4}.Debug|Any CPU.Build.0 = Debug|Any CPU
		{FB201F1A-14AD-4FBF-91E8-B0720BC8ADE4}.Release|Any CPU.ActiveCfg = Release|Any CPU
		{FB201F1A-14AD-4FBF-91E8-B0720BC8ADE4}.Release|Any CPU.Build.0 = Release|Any CPU
		{C2C2FD39-12DA-44F4-9DCD-A8E5F9E71D7C}.Debug|Any CPU.ActiveCfg = Debug|Any CPU
		{C2C2FD39-12DA-44F4-9DCD-A8E5F9E71D7C}.Debug|Any CPU.Build.0 = Debug|Any CPU
		{C2C2FD39-12DA-44F4-9DCD-A8E5F9E71D7C}.Release|Any CPU.ActiveCfg = Release|Any CPU
		{C2C2FD39-12DA-44F4-9DCD-A8E5F9E71D7C}.Release|Any CPU.Build.0 = Release|Any CPU
		{2FD23384-96DE-4F70-80CC-31966A05305B}.Debug|Any CPU.ActiveCfg = Debug|Any CPU
		{2FD23384-96DE-4F70-80CC-31966A05305B}.Debug|Any CPU.Build.0 = Debug|Any CPU
		{2FD23384-96DE-4F70-80CC-31966A05305B}.Release|Any CPU.ActiveCfg = Release|Any CPU
		{2FD23384-96DE-4F70-80CC-31966A05305B}.Release|Any CPU.Build.0 = Release|Any CPU
		{96FFA156-53AC-46BE-8A91-B068172F6193}.Debug|Any CPU.ActiveCfg = Debug|Any CPU
		{96FFA156-53AC-46BE-8A91-B068172F6193}.Debug|Any CPU.Build.0 = Debug|Any CPU
		{96FFA156-53AC-46BE-8A91-B068172F6193}.Release|Any CPU.ActiveCfg = Release|Any CPU
		{96FFA156-53AC-46BE-8A91-B068172F6193}.Release|Any CPU.Build.0 = Release|Any CPU
		{D5598FFB-8B67-437F-86BF-A6EF5CEDEE25}.Debug|Any CPU.ActiveCfg = Debug|Any CPU
		{D5598FFB-8B67-437F-86BF-A6EF5CEDEE25}.Debug|Any CPU.Build.0 = Debug|Any CPU
		{D5598FFB-8B67-437F-86BF-A6EF5CEDEE25}.Release|Any CPU.ActiveCfg = Release|Any CPU
		{D5598FFB-8B67-437F-86BF-A6EF5CEDEE25}.Release|Any CPU.Build.0 = Release|Any CPU
		{539CB744-2BE7-4B7D-A103-6CEE89660405}.Debug|Any CPU.ActiveCfg = Debug|Any CPU
		{539CB744-2BE7-4B7D-A103-6CEE89660405}.Debug|Any CPU.Build.0 = Debug|Any CPU
		{539CB744-2BE7-4B7D-A103-6CEE89660405}.Release|Any CPU.ActiveCfg = Release|Any CPU
		{539CB744-2BE7-4B7D-A103-6CEE89660405}.Release|Any CPU.Build.0 = Release|Any CPU
		{5D88203F-284D-4028-859F-EE66282435D4}.Debug|Any CPU.ActiveCfg = Debug|Any CPU
		{5D88203F-284D-4028-859F-EE66282435D4}.Debug|Any CPU.Build.0 = Debug|Any CPU
		{5D88203F-284D-4028-859F-EE66282435D4}.Release|Any CPU.ActiveCfg = Release|Any CPU
		{5D88203F-284D-4028-859F-EE66282435D4}.Release|Any CPU.Build.0 = Release|Any CPU
		{D670472F-D651-4B58-9A81-D37782BEAEC8}.Debug|Any CPU.ActiveCfg = Debug|Any CPU
		{D670472F-D651-4B58-9A81-D37782BEAEC8}.Debug|Any CPU.Build.0 = Debug|Any CPU
		{D670472F-D651-4B58-9A81-D37782BEAEC8}.Release|Any CPU.ActiveCfg = Release|Any CPU
		{D670472F-D651-4B58-9A81-D37782BEAEC8}.Release|Any CPU.Build.0 = Release|Any CPU
		{AD53CA1E-47DC-450A-A47D-ECC4ADB2EB91}.Debug|Any CPU.ActiveCfg = Debug|Any CPU
		{AD53CA1E-47DC-450A-A47D-ECC4ADB2EB91}.Debug|Any CPU.Build.0 = Debug|Any CPU
		{AD53CA1E-47DC-450A-A47D-ECC4ADB2EB91}.Release|Any CPU.ActiveCfg = Release|Any CPU
		{AD53CA1E-47DC-450A-A47D-ECC4ADB2EB91}.Release|Any CPU.Build.0 = Release|Any CPU
		{2FF2827A-9BED-43FA-A1B7-265F0CB78125}.Debug|Any CPU.ActiveCfg = Debug|Any CPU
		{2FF2827A-9BED-43FA-A1B7-265F0CB78125}.Debug|Any CPU.Build.0 = Debug|Any CPU
		{2FF2827A-9BED-43FA-A1B7-265F0CB78125}.Release|Any CPU.ActiveCfg = Release|Any CPU
		{2FF2827A-9BED-43FA-A1B7-265F0CB78125}.Release|Any CPU.Build.0 = Release|Any CPU
		{0DEADBAE-34A6-4D71-A72C-2C4BE797A206}.Debug|Any CPU.ActiveCfg = Debug|Any CPU
		{0DEADBAE-34A6-4D71-A72C-2C4BE797A206}.Debug|Any CPU.Build.0 = Debug|Any CPU
		{0DEADBAE-34A6-4D71-A72C-2C4BE797A206}.Release|Any CPU.ActiveCfg = Release|Any CPU
		{0DEADBAE-34A6-4D71-A72C-2C4BE797A206}.Release|Any CPU.Build.0 = Release|Any CPU
		{CC46301A-1AEE-493A-8769-3C362B1B1251}.Debug|Any CPU.ActiveCfg = Debug|Any CPU
		{CC46301A-1AEE-493A-8769-3C362B1B1251}.Debug|Any CPU.Build.0 = Debug|Any CPU
		{CC46301A-1AEE-493A-8769-3C362B1B1251}.Release|Any CPU.ActiveCfg = Release|Any CPU
		{CC46301A-1AEE-493A-8769-3C362B1B1251}.Release|Any CPU.Build.0 = Release|Any CPU
		{F9CE36D6-D812-4FB5-AE2C-E05818C6D9D8}.Debug|Any CPU.ActiveCfg = Debug|Any CPU
		{F9CE36D6-D812-4FB5-AE2C-E05818C6D9D8}.Debug|Any CPU.Build.0 = Debug|Any CPU
		{F9CE36D6-D812-4FB5-AE2C-E05818C6D9D8}.Release|Any CPU.ActiveCfg = Release|Any CPU
		{F9CE36D6-D812-4FB5-AE2C-E05818C6D9D8}.Release|Any CPU.Build.0 = Release|Any CPU
		{12B14F75-B423-4101-BD31-9356D2B96F13}.Debug|Any CPU.ActiveCfg = Debug|Any CPU
		{12B14F75-B423-4101-BD31-9356D2B96F13}.Debug|Any CPU.Build.0 = Debug|Any CPU
		{12B14F75-B423-4101-BD31-9356D2B96F13}.Release|Any CPU.ActiveCfg = Release|Any CPU
		{12B14F75-B423-4101-BD31-9356D2B96F13}.Release|Any CPU.Build.0 = Release|Any CPU
		{9617909D-FCDC-4AAD-A343-3BAC28743E5C}.Debug|Any CPU.ActiveCfg = Debug|Any CPU
		{9617909D-FCDC-4AAD-A343-3BAC28743E5C}.Debug|Any CPU.Build.0 = Debug|Any CPU
		{9617909D-FCDC-4AAD-A343-3BAC28743E5C}.Release|Any CPU.ActiveCfg = Release|Any CPU
		{9617909D-FCDC-4AAD-A343-3BAC28743E5C}.Release|Any CPU.Build.0 = Release|Any CPU
		{5556ABAE-68C2-4FC5-8C34-DFD02F661F2C}.Debug|Any CPU.ActiveCfg = Debug|Any CPU
		{5556ABAE-68C2-4FC5-8C34-DFD02F661F2C}.Debug|Any CPU.Build.0 = Debug|Any CPU
		{5556ABAE-68C2-4FC5-8C34-DFD02F661F2C}.Release|Any CPU.ActiveCfg = Release|Any CPU
		{5556ABAE-68C2-4FC5-8C34-DFD02F661F2C}.Release|Any CPU.Build.0 = Release|Any CPU
	EndGlobalSection
	GlobalSection(SolutionProperties) = preSolution
		HideSolutionNode = FALSE
	EndGlobalSection
	GlobalSection(NestedProjects) = preSolution
		{87F4D70F-E16F-4E60-AFEE-114B9A77085F} = {4F69AABE-7AAA-410B-99E9-AFA1DB910BAE}
		{7E342046-9828-4462-9C52-3944A6B111ED} = {87F4D70F-E16F-4E60-AFEE-114B9A77085F}
		{FD90F343-4548-4B85-A0AD-0565148F52EC} = {87F4D70F-E16F-4E60-AFEE-114B9A77085F}
		{62728D19-3BE8-451F-A778-CF805E6878EE} = {87F4D70F-E16F-4E60-AFEE-114B9A77085F}
		{FB201F1A-14AD-4FBF-91E8-B0720BC8ADE4} = {87F4D70F-E16F-4E60-AFEE-114B9A77085F}
		{93AD09C3-1E35-4299-A246-99A640671255} = {4F69AABE-7AAA-410B-99E9-AFA1DB910BAE}
		{C2C2FD39-12DA-44F4-9DCD-A8E5F9E71D7C} = {93AD09C3-1E35-4299-A246-99A640671255}
		{2FD23384-96DE-4F70-80CC-31966A05305B} = {93AD09C3-1E35-4299-A246-99A640671255}
		{96FFA156-53AC-46BE-8A91-B068172F6193} = {93AD09C3-1E35-4299-A246-99A640671255}
		{D5598FFB-8B67-437F-86BF-A6EF5CEDEE25} = {93AD09C3-1E35-4299-A246-99A640671255}
		{8FF474B7-E477-49B0-AA69-755363DA7139} = {4F69AABE-7AAA-410B-99E9-AFA1DB910BAE}
		{539CB744-2BE7-4B7D-A103-6CEE89660405} = {8FF474B7-E477-49B0-AA69-755363DA7139}
		{5D88203F-284D-4028-859F-EE66282435D4} = {8FF474B7-E477-49B0-AA69-755363DA7139}
		{D670472F-D651-4B58-9A81-D37782BEAEC8} = {8FF474B7-E477-49B0-AA69-755363DA7139}
		{AD53CA1E-47DC-450A-A47D-ECC4ADB2EB91} = {8FF474B7-E477-49B0-AA69-755363DA7139}
		{15533802-9555-41BE-8B91-7F9ED5D058EC} = {4F69AABE-7AAA-410B-99E9-AFA1DB910BAE}
		{2FF2827A-9BED-43FA-A1B7-265F0CB78125} = {15533802-9555-41BE-8B91-7F9ED5D058EC}
		{A84F4B24-A34F-4372-9F67-7A60D8E9B8F6} = {4F69AABE-7AAA-410B-99E9-AFA1DB910BAE}
		{0DEADBAE-34A6-4D71-A72C-2C4BE797A206} = {A84F4B24-A34F-4372-9F67-7A60D8E9B8F6}
		{CC46301A-1AEE-493A-8769-3C362B1B1251} = {A84F4B24-A34F-4372-9F67-7A60D8E9B8F6}
		{F9CE36D6-D812-4FB5-AE2C-E05818C6D9D8} = {A84F4B24-A34F-4372-9F67-7A60D8E9B8F6}
		{12B14F75-B423-4101-BD31-9356D2B96F13} = {A84F4B24-A34F-4372-9F67-7A60D8E9B8F6}
		{6B9DE3FA-35D6-4CA3-A277-F8BACE0CD3B9} = {4F69AABE-7AAA-410B-99E9-AFA1DB910BAE}
		{9617909D-FCDC-4AAD-A343-3BAC28743E5C} = {6B9DE3FA-35D6-4CA3-A277-F8BACE0CD3B9}
		{FDF7C468-98D7-4D7D-B230-52852DE653BB} = {4F69AABE-7AAA-410B-99E9-AFA1DB910BAE}
		{5556ABAE-68C2-4FC5-8C34-DFD02F661F2C} = {FDF7C468-98D7-4D7D-B230-52852DE653BB}
	EndGlobalSection
	GlobalSection(ExtensibilityGlobals) = postSolution
		SolutionGuid = {1EBF8120-3127-4D78-A084-223D25A324A3}
	EndGlobalSection
EndGlobal
